
Microsoft Visual Studio Solution File, Format Version 12.00
# Visual Studio 15
VisualStudioVersion = 15.0.28307.421
MinimumVisualStudioVersion = 10.0.40219.1
Project("{8BC9CEB8-8B4A-11D0-8D11-00A0C91BC942}") = "OpenCVBridge", "OpenCVBridge\OpenCVBridge.vcxproj", "{28871784-D4A5-42F1-AF33-199BA92FAEB5}"
EndProject
Project("{FAE04EC0-301F-11D3-BF4B-00C04F79EFBC}") = "Gestures", "Gestures\Gestures.csproj", "{D2818E5F-1E59-4EB5-85AD-1750B68E955E}"
EndProject
Global
	GlobalSection(SolutionConfigurationPlatforms) = preSolution
		Debug|ARM = Debug|ARM
		Debug|ARM64 = Debug|ARM64
		Debug|x64 = Debug|x64
		Debug|x86 = Debug|x86
		Release|ARM = Release|ARM
		Release|ARM64 = Release|ARM64
		Release|x64 = Release|x64
		Release|x86 = Release|x86
	EndGlobalSection
	GlobalSection(ProjectConfigurationPlatforms) = postSolution
		{28871784-D4A5-42F1-AF33-199BA92FAEB5}.Debug|ARM.ActiveCfg = Debug|ARM
		{28871784-D4A5-42F1-AF33-199BA92FAEB5}.Debug|ARM.Build.0 = Debug|ARM
		{28871784-D4A5-42F1-AF33-199BA92FAEB5}.Debug|ARM64.ActiveCfg = Debug|ARM64
		{28871784-D4A5-42F1-AF33-199BA92FAEB5}.Debug|ARM64.Build.0 = Debug|ARM64
		{28871784-D4A5-42F1-AF33-199BA92FAEB5}.Debug|x64.ActiveCfg = Debug|x64
		{28871784-D4A5-42F1-AF33-199BA92FAEB5}.Debug|x64.Build.0 = Debug|x64
		{28871784-D4A5-42F1-AF33-199BA92FAEB5}.Debug|x86.ActiveCfg = Debug|Win32
		{28871784-D4A5-42F1-AF33-199BA92FAEB5}.Debug|x86.Build.0 = Debug|Win32
		{28871784-D4A5-42F1-AF33-199BA92FAEB5}.Release|ARM.ActiveCfg = Release|ARM
		{28871784-D4A5-42F1-AF33-199BA92FAEB5}.Release|ARM.Build.0 = Release|ARM
		{28871784-D4A5-42F1-AF33-199BA92FAEB5}.Release|ARM64.ActiveCfg = Release|ARM64
		{28871784-D4A5-42F1-AF33-199BA92FAEB5}.Release|ARM64.Build.0 = Release|ARM64
		{28871784-D4A5-42F1-AF33-199BA92FAEB5}.Release|x64.ActiveCfg = Release|x64
		{28871784-D4A5-42F1-AF33-199BA92FAEB5}.Release|x64.Build.0 = Release|x64
		{28871784-D4A5-42F1-AF33-199BA92FAEB5}.Release|x86.ActiveCfg = Release|Win32
		{28871784-D4A5-42F1-AF33-199BA92FAEB5}.Release|x86.Build.0 = Release|Win32
		{D2818E5F-1E59-4EB5-85AD-1750B68E955E}.Debug|ARM.ActiveCfg = Debug|ARM
		{D2818E5F-1E59-4EB5-85AD-1750B68E955E}.Debug|ARM.Build.0 = Debug|ARM
		{D2818E5F-1E59-4EB5-85AD-1750B68E955E}.Debug|ARM.Deploy.0 = Debug|ARM
		{D2818E5F-1E59-4EB5-85AD-1750B68E955E}.Debug|ARM64.ActiveCfg = Debug|ARM64
		{D2818E5F-1E59-4EB5-85AD-1750B68E955E}.Debug|ARM64.Build.0 = Debug|ARM64
		{D2818E5F-1E59-4EB5-85AD-1750B68E955E}.Debug|ARM64.Deploy.0 = Debug|ARM64
		{D2818E5F-1E59-4EB5-85AD-1750B68E955E}.Debug|x64.ActiveCfg = Debug|x64
		{D2818E5F-1E59-4EB5-85AD-1750B68E955E}.Debug|x64.Build.0 = Debug|x64
		{D2818E5F-1E59-4EB5-85AD-1750B68E955E}.Debug|x64.Deploy.0 = Debug|x64
		{D2818E5F-1E59-4EB5-85AD-1750B68E955E}.Debug|x86.ActiveCfg = Debug|x86
		{D2818E5F-1E59-4EB5-85AD-1750B68E955E}.Debug|x86.Build.0 = Debug|x86
		{D2818E5F-1E59-4EB5-85AD-1750B68E955E}.Debug|x86.Deploy.0 = Debug|x86
		{D2818E5F-1E59-4EB5-85AD-1750B68E955E}.Release|ARM.ActiveCfg = Release|ARM
		{D2818E5F-1E59-4EB5-85AD-1750B68E955E}.Release|ARM.Build.0 = Release|ARM
		{D2818E5F-1E59-4EB5-85AD-1750B68E955E}.Release|ARM.Deploy.0 = Release|ARM
		{D2818E5F-1E59-4EB5-85AD-1750B68E955E}.Release|ARM64.ActiveCfg = Release|ARM64
		{D2818E5F-1E59-4EB5-85AD-1750B68E955E}.Release|ARM64.Build.0 = Release|ARM64
		{D2818E5F-1E59-4EB5-85AD-1750B68E955E}.Release|ARM64.Deploy.0 = Release|ARM64
		{D2818E5F-1E59-4EB5-85AD-1750B68E955E}.Release|x64.ActiveCfg = Release|x64
		{D2818E5F-1E59-4EB5-85AD-1750B68E955E}.Release|x64.Build.0 = Release|x64
		{D2818E5F-1E59-4EB5-85AD-1750B68E955E}.Release|x64.Deploy.0 = Release|x64
		{D2818E5F-1E59-4EB5-85AD-1750B68E955E}.Release|x86.ActiveCfg = Release|x86
		{D2818E5F-1E59-4EB5-85AD-1750B68E955E}.Release|x86.Build.0 = Release|x86
		{D2818E5F-1E59-4EB5-85AD-1750B68E955E}.Release|x86.Deploy.0 = Release|x86
	EndGlobalSection
	GlobalSection(SolutionProperties) = preSolution
		HideSolutionNode = FALSE
	EndGlobalSection
	GlobalSection(ExtensibilityGlobals) = postSolution
		SolutionGuid = {E4D2DA75-9963-4803-A54A-65EC3F59EBD4}
	EndGlobalSection
EndGlobal
